
Microsoft Visual Studio Solution File, Format Version 12.00
# Visual Studio Version 17
VisualStudioVersion = 17.9.34723.18
MinimumVisualStudioVersion = 10.0.40219.1
Project("{FAE04EC0-301F-11D3-BF4B-00C04F79EFBC}") = "carga", "carga\carga.csproj", "{06E1A750-6CA7-4642-B0BF-6E3F6D361BD7}"
EndProject
Global
	GlobalSection(SolutionConfigurationPlatforms) = preSolution
		Debug|Any CPU = Debug|Any CPU
		Release|Any CPU = Release|Any CPU
	EndGlobalSection
	GlobalSection(ProjectConfigurationPlatforms) = postSolution
		{06E1A750-6CA7-4642-B0BF-6E3F6D361BD7}.Debug|Any CPU.ActiveCfg = Debug|Any CPU
		{06E1A750-6CA7-4642-B0BF-6E3F6D361BD7}.Debug|Any CPU.Build.0 = Debug|Any CPU
		{06E1A750-6CA7-4642-B0BF-6E3F6D361BD7}.Release|Any CPU.ActiveCfg = Release|Any CPU
		{06E1A750-6CA7-4642-B0BF-6E3F6D361BD7}.Release|Any CPU.Build.0 = Release|Any CPU
	EndGlobalSection
	GlobalSection(SolutionProperties) = preSolution
		HideSolutionNode = FALSE
	EndGlobalSection
	GlobalSection(ExtensibilityGlobals) = postSolution
		SolutionGuid = {552FC139-E67C-4A42-978C-2AE173DF3AE4}
	EndGlobalSection
EndGlobal
