
Microsoft Visual Studio Solution File, Format Version 12.00
# Visual Studio Version 17
VisualStudioVersion = 17.9.34622.214
MinimumVisualStudioVersion = 10.0.40219.1
Project("{FAE04EC0-301F-11D3-BF4B-00C04F79EFBC}") = "CalcuPrueba", "CalcuPrueba\CalcuPrueba.csproj", "{2907CA90-EA46-435A-ADF1-7D4AA9C6912A}"
EndProject
Global
	GlobalSection(SolutionConfigurationPlatforms) = preSolution
		Debug|Any CPU = Debug|Any CPU
		Release|Any CPU = Release|Any CPU
	EndGlobalSection
	GlobalSection(ProjectConfigurationPlatforms) = postSolution
		{2907CA90-EA46-435A-ADF1-7D4AA9C6912A}.Debug|Any CPU.ActiveCfg = Debug|Any CPU
		{2907CA90-EA46-435A-ADF1-7D4AA9C6912A}.Debug|Any CPU.Build.0 = Debug|Any CPU
		{2907CA90-EA46-435A-ADF1-7D4AA9C6912A}.Release|Any CPU.ActiveCfg = Release|Any CPU
		{2907CA90-EA46-435A-ADF1-7D4AA9C6912A}.Release|Any CPU.Build.0 = Release|Any CPU
	EndGlobalSection
	GlobalSection(SolutionProperties) = preSolution
		HideSolutionNode = FALSE
	EndGlobalSection
	GlobalSection(ExtensibilityGlobals) = postSolution
		SolutionGuid = {EB7D7991-35AD-40D9-BEF8-DA812FB616EA}
	EndGlobalSection
EndGlobal
