
Microsoft Visual Studio Solution File, Format Version 12.00
# Visual Studio Version 17
VisualStudioVersion = 17.9.34616.47
MinimumVisualStudioVersion = 10.0.40219.1
Project("{FAE04EC0-301F-11D3-BF4B-00C04F79EFBC}") = "ArrayDias", "ArrayDias\ArrayDias.csproj", "{ABDD1717-0ECE-4902-A401-F6786A12F580}"
EndProject
Global
	GlobalSection(SolutionConfigurationPlatforms) = preSolution
		Debug|Any CPU = Debug|Any CPU
		Release|Any CPU = Release|Any CPU
	EndGlobalSection
	GlobalSection(ProjectConfigurationPlatforms) = postSolution
		{ABDD1717-0ECE-4902-A401-F6786A12F580}.Debug|Any CPU.ActiveCfg = Debug|Any CPU
		{ABDD1717-0ECE-4902-A401-F6786A12F580}.Debug|Any CPU.Build.0 = Debug|Any CPU
		{ABDD1717-0ECE-4902-A401-F6786A12F580}.Release|Any CPU.ActiveCfg = Release|Any CPU
		{ABDD1717-0ECE-4902-A401-F6786A12F580}.Release|Any CPU.Build.0 = Release|Any CPU
	EndGlobalSection
	GlobalSection(SolutionProperties) = preSolution
		HideSolutionNode = FALSE
	EndGlobalSection
	GlobalSection(ExtensibilityGlobals) = postSolution
		SolutionGuid = {533B23BD-867E-4C4F-87E7-37F6F4D18979}
	EndGlobalSection
EndGlobal
