
Microsoft Visual Studio Solution File, Format Version 12.00
# Visual Studio Version 17
VisualStudioVersion = 17.9.34714.143
MinimumVisualStudioVersion = 10.0.40219.1
Project("{FAE04EC0-301F-11D3-BF4B-00C04F79EFBC}") = "EjercitacionArreglos", "EjercitacionArreglos\EjercitacionArreglos.csproj", "{FFF52AEA-431E-4C8F-A364-85CDEBC4F228}"
EndProject
Global
	GlobalSection(SolutionConfigurationPlatforms) = preSolution
		Debug|Any CPU = Debug|Any CPU
		Release|Any CPU = Release|Any CPU
	EndGlobalSection
	GlobalSection(ProjectConfigurationPlatforms) = postSolution
		{FFF52AEA-431E-4C8F-A364-85CDEBC4F228}.Debug|Any CPU.ActiveCfg = Debug|Any CPU
		{FFF52AEA-431E-4C8F-A364-85CDEBC4F228}.Debug|Any CPU.Build.0 = Debug|Any CPU
		{FFF52AEA-431E-4C8F-A364-85CDEBC4F228}.Release|Any CPU.ActiveCfg = Release|Any CPU
		{FFF52AEA-431E-4C8F-A364-85CDEBC4F228}.Release|Any CPU.Build.0 = Release|Any CPU
	EndGlobalSection
	GlobalSection(SolutionProperties) = preSolution
		HideSolutionNode = FALSE
	EndGlobalSection
	GlobalSection(ExtensibilityGlobals) = postSolution
		SolutionGuid = {41C44127-F4FD-4E84-80F0-E1175BBCEA25}
	EndGlobalSection
EndGlobal
