
Microsoft Visual Studio Solution File, Format Version 12.00
# Visual Studio Version 17
VisualStudioVersion = 17.9.34616.47
MinimumVisualStudioVersion = 10.0.40219.1
Project("{FAE04EC0-301F-11D3-BF4B-00C04F79EFBC}") = "proyectoCarga", "proyectoCarga\proyectoCarga.csproj", "{6012518C-EE19-4094-81BB-689F5E6EBF6F}"
EndProject
Global
	GlobalSection(SolutionConfigurationPlatforms) = preSolution
		Debug|Any CPU = Debug|Any CPU
		Release|Any CPU = Release|Any CPU
	EndGlobalSection
	GlobalSection(ProjectConfigurationPlatforms) = postSolution
		{6012518C-EE19-4094-81BB-689F5E6EBF6F}.Debug|Any CPU.ActiveCfg = Debug|Any CPU
		{6012518C-EE19-4094-81BB-689F5E6EBF6F}.Debug|Any CPU.Build.0 = Debug|Any CPU
		{6012518C-EE19-4094-81BB-689F5E6EBF6F}.Release|Any CPU.ActiveCfg = Release|Any CPU
		{6012518C-EE19-4094-81BB-689F5E6EBF6F}.Release|Any CPU.Build.0 = Release|Any CPU
	EndGlobalSection
	GlobalSection(SolutionProperties) = preSolution
		HideSolutionNode = FALSE
	EndGlobalSection
	GlobalSection(ExtensibilityGlobals) = postSolution
		SolutionGuid = {B2CF9535-FA9C-4DA4-B9D3-1EFB8741C6CB}
	EndGlobalSection
EndGlobal
