
Microsoft Visual Studio Solution File, Format Version 12.00
# Visual Studio Version 17
VisualStudioVersion = 17.8.34525.116
MinimumVisualStudioVersion = 10.0.40219.1
Project("{FAE04EC0-301F-11D3-BF4B-00C04F79EFBC}") = "CalculadoraV2", "CalculadoraV2\CalculadoraV2.csproj", "{94B4C3F1-0E20-4DDC-9974-1C0BC8B89BE1}"
EndProject
Global
	GlobalSection(SolutionConfigurationPlatforms) = preSolution
		Debug|Any CPU = Debug|Any CPU
		Release|Any CPU = Release|Any CPU
	EndGlobalSection
	GlobalSection(ProjectConfigurationPlatforms) = postSolution
		{94B4C3F1-0E20-4DDC-9974-1C0BC8B89BE1}.Debug|Any CPU.ActiveCfg = Debug|Any CPU
		{94B4C3F1-0E20-4DDC-9974-1C0BC8B89BE1}.Debug|Any CPU.Build.0 = Debug|Any CPU
		{94B4C3F1-0E20-4DDC-9974-1C0BC8B89BE1}.Release|Any CPU.ActiveCfg = Release|Any CPU
		{94B4C3F1-0E20-4DDC-9974-1C0BC8B89BE1}.Release|Any CPU.Build.0 = Release|Any CPU
	EndGlobalSection
	GlobalSection(SolutionProperties) = preSolution
		HideSolutionNode = FALSE
	EndGlobalSection
	GlobalSection(ExtensibilityGlobals) = postSolution
		SolutionGuid = {F08C51C1-E74F-4C82-A9DB-359F5BF32CD4}
	EndGlobalSection
EndGlobal
