
Microsoft Visual Studio Solution File, Format Version 12.00
# Visual Studio Version 17
VisualStudioVersion = 17.9.34723.18
MinimumVisualStudioVersion = 10.0.40219.1
Project("{FAE04EC0-301F-11D3-BF4B-00C04F79EFBC}") = "DiasDimension", "DiasDimension\DiasDimension.csproj", "{4A5FBC49-6090-4B21-8384-AF4E161D1F03}"
EndProject
Global
	GlobalSection(SolutionConfigurationPlatforms) = preSolution
		Debug|Any CPU = Debug|Any CPU
		Release|Any CPU = Release|Any CPU
	EndGlobalSection
	GlobalSection(ProjectConfigurationPlatforms) = postSolution
		{4A5FBC49-6090-4B21-8384-AF4E161D1F03}.Debug|Any CPU.ActiveCfg = Debug|Any CPU
		{4A5FBC49-6090-4B21-8384-AF4E161D1F03}.Debug|Any CPU.Build.0 = Debug|Any CPU
		{4A5FBC49-6090-4B21-8384-AF4E161D1F03}.Release|Any CPU.ActiveCfg = Release|Any CPU
		{4A5FBC49-6090-4B21-8384-AF4E161D1F03}.Release|Any CPU.Build.0 = Release|Any CPU
	EndGlobalSection
	GlobalSection(SolutionProperties) = preSolution
		HideSolutionNode = FALSE
	EndGlobalSection
	GlobalSection(ExtensibilityGlobals) = postSolution
		SolutionGuid = {C9C1A9A4-61AF-4E8C-9F61-EBE29C7FAEDF}
	EndGlobalSection
EndGlobal
