
Microsoft Visual Studio Solution File, Format Version 12.00
# Visual Studio Version 17
VisualStudioVersion = 17.8.34330.188
MinimumVisualStudioVersion = 10.0.40219.1
Project("{FAE04EC0-301F-11D3-BF4B-00C04F79EFBC}") = "variables", "variables\variables.csproj", "{07496E84-9A55-4241-8771-91D6390B1E03}"
EndProject
Global
	GlobalSection(SolutionConfigurationPlatforms) = preSolution
		Debug|Any CPU = Debug|Any CPU
		Release|Any CPU = Release|Any CPU
	EndGlobalSection
	GlobalSection(ProjectConfigurationPlatforms) = postSolution
		{07496E84-9A55-4241-8771-91D6390B1E03}.Debug|Any CPU.ActiveCfg = Debug|Any CPU
		{07496E84-9A55-4241-8771-91D6390B1E03}.Debug|Any CPU.Build.0 = Debug|Any CPU
		{07496E84-9A55-4241-8771-91D6390B1E03}.Release|Any CPU.ActiveCfg = Release|Any CPU
		{07496E84-9A55-4241-8771-91D6390B1E03}.Release|Any CPU.Build.0 = Release|Any CPU
	EndGlobalSection
	GlobalSection(SolutionProperties) = preSolution
		HideSolutionNode = FALSE
	EndGlobalSection
	GlobalSection(ExtensibilityGlobals) = postSolution
		SolutionGuid = {D2EE1FC2-F155-4E39-A3FF-009B1D51F1BB}
	EndGlobalSection
EndGlobal
