
Microsoft Visual Studio Solution File, Format Version 12.00
# Visual Studio Version 17
VisualStudioVersion = 17.8.34525.116
MinimumVisualStudioVersion = 10.0.40219.1
Project("{FAE04EC0-301F-11D3-BF4B-00C04F79EFBC}") = "Timer_prueba", "Timer_prueba\Timer_prueba.csproj", "{F011700A-15DE-4517-82A9-4A3A2541C1CC}"
EndProject
Global
	GlobalSection(SolutionConfigurationPlatforms) = preSolution
		Debug|Any CPU = Debug|Any CPU
		Release|Any CPU = Release|Any CPU
	EndGlobalSection
	GlobalSection(ProjectConfigurationPlatforms) = postSolution
		{F011700A-15DE-4517-82A9-4A3A2541C1CC}.Debug|Any CPU.ActiveCfg = Debug|Any CPU
		{F011700A-15DE-4517-82A9-4A3A2541C1CC}.Debug|Any CPU.Build.0 = Debug|Any CPU
		{F011700A-15DE-4517-82A9-4A3A2541C1CC}.Release|Any CPU.ActiveCfg = Release|Any CPU
		{F011700A-15DE-4517-82A9-4A3A2541C1CC}.Release|Any CPU.Build.0 = Release|Any CPU
	EndGlobalSection
	GlobalSection(SolutionProperties) = preSolution
		HideSolutionNode = FALSE
	EndGlobalSection
	GlobalSection(ExtensibilityGlobals) = postSolution
		SolutionGuid = {2AC68C01-9E1D-4FE4-B036-B00CE4A7E151}
	EndGlobalSection
EndGlobal
