
Microsoft Visual Studio Solution File, Format Version 12.00
# Visual Studio Version 17
VisualStudioVersion = 17.9.34616.47
MinimumVisualStudioVersion = 10.0.40219.1
Project("{FAE04EC0-301F-11D3-BF4B-00C04F79EFBC}") = "borrarRepaso", "borrarRepaso\borrarRepaso.csproj", "{516FC6BC-9213-4FAD-A8B2-A00310753E47}"
EndProject
Global
	GlobalSection(SolutionConfigurationPlatforms) = preSolution
		Debug|Any CPU = Debug|Any CPU
		Release|Any CPU = Release|Any CPU
	EndGlobalSection
	GlobalSection(ProjectConfigurationPlatforms) = postSolution
		{516FC6BC-9213-4FAD-A8B2-A00310753E47}.Debug|Any CPU.ActiveCfg = Debug|Any CPU
		{516FC6BC-9213-4FAD-A8B2-A00310753E47}.Debug|Any CPU.Build.0 = Debug|Any CPU
		{516FC6BC-9213-4FAD-A8B2-A00310753E47}.Release|Any CPU.ActiveCfg = Release|Any CPU
		{516FC6BC-9213-4FAD-A8B2-A00310753E47}.Release|Any CPU.Build.0 = Release|Any CPU
	EndGlobalSection
	GlobalSection(SolutionProperties) = preSolution
		HideSolutionNode = FALSE
	EndGlobalSection
	GlobalSection(ExtensibilityGlobals) = postSolution
		SolutionGuid = {8BE9860F-D340-4DE7-A43E-8457F9B23122}
	EndGlobalSection
EndGlobal
